
Microsoft Visual Studio Solution File, Format Version 12.00
# Visual Studio Version 16
VisualStudioVersion = 16.0.31624.102
MinimumVisualStudioVersion = 10.0.40219.1
Project("{FAE04EC0-301F-11D3-BF4B-00C04F79EFBC}") = "Game11", "Game11\Game11.csproj", "{F7D5D1E6-35C2-4F71-8770-107B95DCC590}"
EndProject
Global
	GlobalSection(SolutionConfigurationPlatforms) = preSolution
		Debug|Any CPU = Debug|Any CPU
		Release|Any CPU = Release|Any CPU
	EndGlobalSection
	GlobalSection(ProjectConfigurationPlatforms) = postSolution
		{F7D5D1E6-35C2-4F71-8770-107B95DCC590}.Debug|Any CPU.ActiveCfg = Debug|Any CPU
		{F7D5D1E6-35C2-4F71-8770-107B95DCC590}.Debug|Any CPU.Build.0 = Debug|Any CPU
		{F7D5D1E6-35C2-4F71-8770-107B95DCC590}.Release|Any CPU.ActiveCfg = Release|Any CPU
		{F7D5D1E6-35C2-4F71-8770-107B95DCC590}.Release|Any CPU.Build.0 = Release|Any CPU
	EndGlobalSection
	GlobalSection(SolutionProperties) = preSolution
		HideSolutionNode = FALSE
	EndGlobalSection
	GlobalSection(ExtensibilityGlobals) = postSolution
		SolutionGuid = {27D39D73-EC64-45B4-9CD4-B9E262F1596E}
	EndGlobalSection
EndGlobal
